// !$*UTF8*$!
{
	archiveVersion = 1;
	classes = {
	};
	objectVersion = 56;
	objects = {

/* Begin PBXBuildFile section */
		80B7111A2D92CBA80019391C /* Localizable.xcstrings in Resources */ = {isa = PBXBuildFile; fileRef = 80B711192D92CBA80019391C /* Localizable.xcstrings */; };
		80B7111C2D92D1A90019391C /* StartScene.swift in Sources */ = {isa = PBXBuildFile; fileRef = 80B7111B2D92D1A90019391C /* StartScene.swift */; };
		80BB1ACE2BF8FD9C00A2D669 /* AppDelegate.swift in Sources */ = {isa = PBXBuildFile; fileRef = 80BB1ACD2BF8FD9C00A2D669 /* AppDelegate.swift */; };
		80BB1AD42BF8FD9C00A2D669 /* GameScene.swift in Sources */ = {isa = PBXBuildFile; fileRef = 80BB1AD32BF8FD9C00A2D669 /* GameScene.swift */; };
		80BB1AD62BF8FD9C00A2D669 /* GameViewController.swift in Sources */ = {isa = PBXBuildFile; fileRef = 80BB1AD52BF8FD9C00A2D669 /* GameViewController.swift */; };
		80BB1AD92BF8FD9C00A2D669 /* Base in Resources */ = {isa = PBXBuildFile; fileRef = 80BB1AD82BF8FD9C00A2D669 /* Base */; };
		80BB1ADB2BF8FD9C00A2D669 /* Assets.xcassets in Resources */ = {isa = PBXBuildFile; fileRef = 80BB1ADA2BF8FD9C00A2D669 /* Assets.xcassets */; };
		80BB1ADE2BF8FD9C00A2D669 /* Base in Resources */ = {isa = PBXBuildFile; fileRef = 80BB1ADD2BF8FD9C00A2D669 /* Base */; };
		80FFA9F82D93E95300BB8BC6 /* ScoreLabel.swift in Sources */ = {isa = PBXBuildFile; fileRef = 80FFA9F72D93E95300BB8BC6 /* ScoreLabel.swift */; };
		80FFA9FB2D93EAE900BB8BC6 /* DifficultyLevel.swift in Sources */ = {isa = PBXBuildFile; fileRef = 80FFA9FA2D93EAE900BB8BC6 /* DifficultyLevel.swift */; };
		80FFA9FD2D93EAF400BB8BC6 /* PhysicsCategory.swift in Sources */ = {isa = PBXBuildFile; fileRef = 80FFA9FC2D93EAF400BB8BC6 /* PhysicsCategory.swift */; };
		80FFA9FF2D93EAFF00BB8BC6 /* SpriteType.swift in Sources */ = {isa = PBXBuildFile; fileRef = 80FFA9FE2D93EAFF00BB8BC6 /* SpriteType.swift */; };
		80FFAA022D93EB5300BB8BC6 /* DifficultyIndicator.swift in Sources */ = {isa = PBXBuildFile; fileRef = 80FFAA012D93EB5300BB8BC6 /* DifficultyIndicator.swift */; };
		80FFAA042D93ECD700BB8BC6 /* NodeFactory.swift in Sources */ = {isa = PBXBuildFile; fileRef = 80FFAA032D93ECD700BB8BC6 /* NodeFactory.swift */; };
/* End PBXBuildFile section */

/* Begin PBXFileReference section */
		80B711192D92CBA80019391C /* Localizable.xcstrings */ = {isa = PBXFileReference; lastKnownFileType = text.json.xcstrings; path = Localizable.xcstrings; sourceTree = "<group>"; };
		80B7111B2D92D1A90019391C /* StartScene.swift */ = {isa = PBXFileReference; lastKnownFileType = sourcecode.swift; path = StartScene.swift; sourceTree = "<group>"; };
		80BB1ACA2BF8FD9C00A2D669 /* pong.app */ = {isa = PBXFileReference; explicitFileType = wrapper.application; includeInIndex = 0; path = pong.app; sourceTree = BUILT_PRODUCTS_DIR; };
		80BB1ACD2BF8FD9C00A2D669 /* AppDelegate.swift */ = {isa = PBXFileReference; lastKnownFileType = sourcecode.swift; path = AppDelegate.swift; sourceTree = "<group>"; };
		80BB1AD32BF8FD9C00A2D669 /* GameScene.swift */ = {isa = PBXFileReference; lastKnownFileType = sourcecode.swift; path = GameScene.swift; sourceTree = "<group>"; };
		80BB1AD52BF8FD9C00A2D669 /* GameViewController.swift */ = {isa = PBXFileReference; lastKnownFileType = sourcecode.swift; path = GameViewController.swift; sourceTree = "<group>"; };
		80BB1AD82BF8FD9C00A2D669 /* Base */ = {isa = PBXFileReference; lastKnownFileType = file.storyboard; name = Base; path = Base.lproj/Main.storyboard; sourceTree = "<group>"; };
		80BB1ADA2BF8FD9C00A2D669 /* Assets.xcassets */ = {isa = PBXFileReference; lastKnownFileType = folder.assetcatalog; path = Assets.xcassets; sourceTree = "<group>"; };
		80BB1ADD2BF8FD9C00A2D669 /* Base */ = {isa = PBXFileReference; lastKnownFileType = file.storyboard; name = Base; path = Base.lproj/LaunchScreen.storyboard; sourceTree = "<group>"; };
		80FFA9F72D93E95300BB8BC6 /* ScoreLabel.swift */ = {isa = PBXFileReference; lastKnownFileType = sourcecode.swift; path = ScoreLabel.swift; sourceTree = "<group>"; };
		80FFA9FA2D93EAE900BB8BC6 /* DifficultyLevel.swift */ = {isa = PBXFileReference; lastKnownFileType = sourcecode.swift; path = DifficultyLevel.swift; sourceTree = "<group>"; };
		80FFA9FC2D93EAF400BB8BC6 /* PhysicsCategory.swift */ = {isa = PBXFileReference; lastKnownFileType = sourcecode.swift; path = PhysicsCategory.swift; sourceTree = "<group>"; };
		80FFA9FE2D93EAFF00BB8BC6 /* SpriteType.swift */ = {isa = PBXFileReference; lastKnownFileType = sourcecode.swift; path = SpriteType.swift; sourceTree = "<group>"; };
		80FFAA012D93EB5300BB8BC6 /* DifficultyIndicator.swift */ = {isa = PBXFileReference; lastKnownFileType = sourcecode.swift; path = DifficultyIndicator.swift; sourceTree = "<group>"; };
		80FFAA032D93ECD700BB8BC6 /* NodeFactory.swift */ = {isa = PBXFileReference; lastKnownFileType = sourcecode.swift; path = NodeFactory.swift; sourceTree = "<group>"; };
/* End PBXFileReference section */

/* Begin PBXFrameworksBuildPhase section */
		80BB1AC72BF8FD9C00A2D669 /* Frameworks */ = {
			isa = PBXFrameworksBuildPhase;
			buildActionMask = 2147483647;
			files = (
			);
			runOnlyForDeploymentPostprocessing = 0;
		};
/* End PBXFrameworksBuildPhase section */

/* Begin PBXGroup section */
		80B7111D2D92D2460019391C /* Resources */ = {
			isa = PBXGroup;
			children = (
				80BB1ADA2BF8FD9C00A2D669 /* Assets.xcassets */,
				80B711192D92CBA80019391C /* Localizable.xcstrings */,
			);
			path = Resources;
			sourceTree = "<group>";
		};
		80B7111E2D92D2560019391C /* UI */ = {
			isa = PBXGroup;
			children = (
				80BB1ADC2BF8FD9C00A2D669 /* LaunchScreen.storyboard */,
				80BB1AD72BF8FD9C00A2D669 /* Main.storyboard */,
			);
			path = UI;
			sourceTree = "<group>";
		};
		80B7111F2D92D2660019391C /* App */ = {
			isa = PBXGroup;
			children = (
				80BB1ACD2BF8FD9C00A2D669 /* AppDelegate.swift */,
				80BB1AD52BF8FD9C00A2D669 /* GameViewController.swift */,
				80FFA9F92D93EADF00BB8BC6 /* Models */,
				80FFAA002D93EB2E00BB8BC6 /* Nodes */,
				80B711202D92D2730019391C /* Scenes */,
			);
			path = App;
			sourceTree = "<group>";
		};
		80B711202D92D2730019391C /* Scenes */ = {
			isa = PBXGroup;
			children = (
				80BB1AD32BF8FD9C00A2D669 /* GameScene.swift */,
				80B7111B2D92D1A90019391C /* StartScene.swift */,
			);
			path = Scenes;
			sourceTree = "<group>";
		};
		80BB1AC12BF8FD9C00A2D669 = {
			isa = PBXGroup;
			children = (
				80BB1ACC2BF8FD9C00A2D669 /* pong */,
				80BB1ACB2BF8FD9C00A2D669 /* Products */,
			);
			sourceTree = "<group>";
		};
		80BB1ACB2BF8FD9C00A2D669 /* Products */ = {
			isa = PBXGroup;
			children = (
				80BB1ACA2BF8FD9C00A2D669 /* pong.app */,
			);
			name = Products;
			sourceTree = "<group>";
		};
		80BB1ACC2BF8FD9C00A2D669 /* pong */ = {
			isa = PBXGroup;
			children = (
				80B7111F2D92D2660019391C /* App */,
				80B7111D2D92D2460019391C /* Resources */,
				80B7111E2D92D2560019391C /* UI */,
			);
			path = pong;
			sourceTree = "<group>";
		};
		80FFA9F92D93EADF00BB8BC6 /* Models */ = {
			isa = PBXGroup;
			children = (
				80FFA9FA2D93EAE900BB8BC6 /* DifficultyLevel.swift */,
				80FFA9FC2D93EAF400BB8BC6 /* PhysicsCategory.swift */,
				80FFA9FE2D93EAFF00BB8BC6 /* SpriteType.swift */,
			);
			path = Models;
			sourceTree = "<group>";
		};
		80FFAA002D93EB2E00BB8BC6 /* Nodes */ = {
			isa = PBXGroup;
			children = (
				80FFAA012D93EB5300BB8BC6 /* DifficultyIndicator.swift */,
				80FFAA032D93ECD700BB8BC6 /* NodeFactory.swift */,
				80FFA9F72D93E95300BB8BC6 /* ScoreLabel.swift */,
			);
			path = Nodes;
			sourceTree = "<group>";
		};
/* End PBXGroup section */

/* Begin PBXNativeTarget section */
		80BB1AC92BF8FD9C00A2D669 /* pong */ = {
			isa = PBXNativeTarget;
			buildConfigurationList = 80BB1AE12BF8FD9C00A2D669 /* Build configuration list for PBXNativeTarget "pong" */;
			buildPhases = (
				80BB1AC62BF8FD9C00A2D669 /* Sources */,
				80BB1AC72BF8FD9C00A2D669 /* Frameworks */,
				80BB1AC82BF8FD9C00A2D669 /* Resources */,
			);
			buildRules = (
			);
			dependencies = (
			);
			name = pong;
			productName = pong;
			productReference = 80BB1ACA2BF8FD9C00A2D669 /* pong.app */;
			productType = "com.apple.product-type.application";
		};
/* End PBXNativeTarget section */

/* Begin PBXProject section */
		80BB1AC22BF8FD9C00A2D669 /* Project object */ = {
			isa = PBXProject;
			attributes = {
				BuildIndependentTargetsInParallel = 1;
				LastSwiftUpdateCheck = 1540;
				LastUpgradeCheck = 1540;
				TargetAttributes = {
					80BB1AC92BF8FD9C00A2D669 = {
						CreatedOnToolsVersion = 15.4;
					};
				};
			};
			buildConfigurationList = 80BB1AC52BF8FD9C00A2D669 /* Build configuration list for PBXProject "pong" */;
			compatibilityVersion = "Xcode 14.0";
			developmentRegion = en;
			hasScannedForEncodings = 0;
			knownRegions = (
				en,
				Base,
				es,
			);
			mainGroup = 80BB1AC12BF8FD9C00A2D669;
			productRefGroup = 80BB1ACB2BF8FD9C00A2D669 /* Products */;
			projectDirPath = "";
			projectRoot = "";
			targets = (
				80BB1AC92BF8FD9C00A2D669 /* pong */,
			);
		};
/* End PBXProject section */

/* Begin PBXResourcesBuildPhase section */
		80BB1AC82BF8FD9C00A2D669 /* Resources */ = {
			isa = PBXResourcesBuildPhase;
			buildActionMask = 2147483647;
			files = (
				80BB1AD92BF8FD9C00A2D669 /* Base in Resources */,
				80BB1ADB2BF8FD9C00A2D669 /* Assets.xcassets in Resources */,
				80B7111A2D92CBA80019391C /* Localizable.xcstrings in Resources */,
				80BB1ADE2BF8FD9C00A2D669 /* Base in Resources */,
			);
			runOnlyForDeploymentPostprocessing = 0;
		};
/* End PBXResourcesBuildPhase section */

/* Begin PBXSourcesBuildPhase section */
		80BB1AC62BF8FD9C00A2D669 /* Sources */ = {
			isa = PBXSourcesBuildPhase;
			buildActionMask = 2147483647;
			files = (
				80FFAA042D93ECD700BB8BC6 /* NodeFactory.swift in Sources */,
				80BB1AD42BF8FD9C00A2D669 /* GameScene.swift in Sources */,
				80BB1AD62BF8FD9C00A2D669 /* GameViewController.swift in Sources */,
				80BB1ACE2BF8FD9C00A2D669 /* AppDelegate.swift in Sources */,
				80FFA9FB2D93EAE900BB8BC6 /* DifficultyLevel.swift in Sources */,
				80FFA9FF2D93EAFF00BB8BC6 /* SpriteType.swift in Sources */,
				80FFAA022D93EB5300BB8BC6 /* DifficultyIndicator.swift in Sources */,
				80FFA9F82D93E95300BB8BC6 /* ScoreLabel.swift in Sources */,
				80B7111C2D92D1A90019391C /* StartScene.swift in Sources */,
				80FFA9FD2D93EAF400BB8BC6 /* PhysicsCategory.swift in Sources */,
			);
			runOnlyForDeploymentPostprocessing = 0;
		};
/* End PBXSourcesBuildPhase section */

/* Begin PBXVariantGroup section */
		80BB1AD72BF8FD9C00A2D669 /* Main.storyboard */ = {
			isa = PBXVariantGroup;
			children = (
				80BB1AD82BF8FD9C00A2D669 /* Base */,
			);
			name = Main.storyboard;
			sourceTree = "<group>";
		};
		80BB1ADC2BF8FD9C00A2D669 /* LaunchScreen.storyboard */ = {
			isa = PBXVariantGroup;
			children = (
				80BB1ADD2BF8FD9C00A2D669 /* Base */,
			);
			name = LaunchScreen.storyboard;
			sourceTree = "<group>";
		};
/* End PBXVariantGroup section */

/* Begin XCBuildConfiguration section */
		80BB1ADF2BF8FD9C00A2D669 /* Debug */ = {
			isa = XCBuildConfiguration;
			buildSettings = {
				ALWAYS_SEARCH_USER_PATHS = NO;
				ASSETCATALOG_COMPILER_GENERATE_SWIFT_ASSET_SYMBOL_EXTENSIONS = YES;
				CLANG_ANALYZER_NONNULL = YES;
				CLANG_ANALYZER_NUMBER_OBJECT_CONVERSION = YES_AGGRESSIVE;
				CLANG_CXX_LANGUAGE_STANDARD = "gnu++20";
				CLANG_ENABLE_MODULES = YES;
				CLANG_ENABLE_OBJC_ARC = YES;
				CLANG_ENABLE_OBJC_WEAK = YES;
				CLANG_WARN_BLOCK_CAPTURE_AUTORELEASING = YES;
				CLANG_WARN_BOOL_CONVERSION = YES;
				CLANG_WARN_COMMA = YES;
				CLANG_WARN_CONSTANT_CONVERSION = YES;
				CLANG_WARN_DEPRECATED_OBJC_IMPLEMENTATIONS = YES;
				CLANG_WARN_DIRECT_OBJC_ISA_USAGE = YES_ERROR;
				CLANG_WARN_DOCUMENTATION_COMMENTS = YES;
				CLANG_WARN_EMPTY_BODY = YES;
				CLANG_WARN_ENUM_CONVERSION = YES;
				CLANG_WARN_INFINITE_RECURSION = YES;
				CLANG_WARN_INT_CONVERSION = YES;
				CLANG_WARN_NON_LITERAL_NULL_CONVERSION = YES;
				CLANG_WARN_OBJC_IMPLICIT_RETAIN_SELF = YES;
				CLANG_WARN_OBJC_LITERAL_CONVERSION = YES;
				CLANG_WARN_OBJC_ROOT_CLASS = YES_ERROR;
				CLANG_WARN_QUOTED_INCLUDE_IN_FRAMEWORK_HEADER = YES;
				CLANG_WARN_RANGE_LOOP_ANALYSIS = YES;
				CLANG_WARN_STRICT_PROTOTYPES = YES;
				CLANG_WARN_SUSPICIOUS_MOVE = YES;
				CLANG_WARN_UNGUARDED_AVAILABILITY = YES_AGGRESSIVE;
				CLANG_WARN_UNREACHABLE_CODE = YES;
				CLANG_WARN__DUPLICATE_METHOD_MATCH = YES;
				COPY_PHASE_STRIP = NO;
				DEBUG_INFORMATION_FORMAT = dwarf;
				ENABLE_STRICT_OBJC_MSGSEND = YES;
				ENABLE_TESTABILITY = YES;
				ENABLE_USER_SCRIPT_SANDBOXING = YES;
				GCC_C_LANGUAGE_STANDARD = gnu17;
				GCC_DYNAMIC_NO_PIC = NO;
				GCC_NO_COMMON_BLOCKS = YES;
				GCC_OPTIMIZATION_LEVEL = 0;
				GCC_PREPROCESSOR_DEFINITIONS = (
					"DEBUG=1",
					"$(inherited)",
				);
				GCC_WARN_64_TO_32_BIT_CONVERSION = YES;
				GCC_WARN_ABOUT_RETURN_TYPE = YES_ERROR;
				GCC_WARN_UNDECLARED_SELECTOR = YES;
				GCC_WARN_UNINITIALIZED_AUTOS = YES_AGGRESSIVE;
				GCC_WARN_UNUSED_FUNCTION = YES;
				GCC_WARN_UNUSED_VARIABLE = YES;
				IPHONEOS_DEPLOYMENT_TARGET = 17.5;
				LOCALIZATION_PREFERS_STRING_CATALOGS = YES;
				MTL_ENABLE_DEBUG_INFO = INCLUDE_SOURCE;
				MTL_FAST_MATH = YES;
				ONLY_ACTIVE_ARCH = YES;
				SDKROOT = iphoneos;
				SWIFT_ACTIVE_COMPILATION_CONDITIONS = "DEBUG $(inherited)";
				SWIFT_EMIT_LOC_STRINGS = YES;
				SWIFT_OPTIMIZATION_LEVEL = "-Onone";
			};
			name = Debug;
		};
		80BB1AE02BF8FD9C00A2D669 /* Release */ = {
			isa = XCBuildConfiguration;
			buildSettings = {
				ALWAYS_SEARCH_USER_PATHS = NO;
				ASSETCATALOG_COMPILER_GENERATE_SWIFT_ASSET_SYMBOL_EXTENSIONS = YES;
				CLANG_ANALYZER_NONNULL = YES;
				CLANG_ANALYZER_NUMBER_OBJECT_CONVERSION = YES_AGGRESSIVE;
				CLANG_CXX_LANGUAGE_STANDARD = "gnu++20";
				CLANG_ENABLE_MODULES = YES;
				CLANG_ENABLE_OBJC_ARC = YES;
				CLANG_ENABLE_OBJC_WEAK = YES;
				CLANG_WARN_BLOCK_CAPTURE_AUTORELEASING = YES;
				CLANG_WARN_BOOL_CONVERSION = YES;
				CLANG_WARN_COMMA = YES;
				CLANG_WARN_CONSTANT_CONVERSION = YES;
				CLANG_WARN_DEPRECATED_OBJC_IMPLEMENTATIONS = YES;
				CLANG_WARN_DIRECT_OBJC_ISA_USAGE = YES_ERROR;
				CLANG_WARN_DOCUMENTATION_COMMENTS = YES;
				CLANG_WARN_EMPTY_BODY = YES;
				CLANG_WARN_ENUM_CONVERSION = YES;
				CLANG_WARN_INFINITE_RECURSION = YES;
				CLANG_WARN_INT_CONVERSION = YES;
				CLANG_WARN_NON_LITERAL_NULL_CONVERSION = YES;
				CLANG_WARN_OBJC_IMPLICIT_RETAIN_SELF = YES;
				CLANG_WARN_OBJC_LITERAL_CONVERSION = YES;
				CLANG_WARN_OBJC_ROOT_CLASS = YES_ERROR;
				CLANG_WARN_QUOTED_INCLUDE_IN_FRAMEWORK_HEADER = YES;
				CLANG_WARN_RANGE_LOOP_ANALYSIS = YES;
				CLANG_WARN_STRICT_PROTOTYPES = YES;
				CLANG_WARN_SUSPICIOUS_MOVE = YES;
				CLANG_WARN_UNGUARDED_AVAILABILITY = YES_AGGRESSIVE;
				CLANG_WARN_UNREACHABLE_CODE = YES;
				CLANG_WARN__DUPLICATE_METHOD_MATCH = YES;
				COPY_PHASE_STRIP = NO;
				DEBUG_INFORMATION_FORMAT = "dwarf-with-dsym";
				ENABLE_NS_ASSERTIONS = NO;
				ENABLE_STRICT_OBJC_MSGSEND = YES;
				ENABLE_USER_SCRIPT_SANDBOXING = YES;
				GCC_C_LANGUAGE_STANDARD = gnu17;
				GCC_NO_COMMON_BLOCKS = YES;
				GCC_WARN_64_TO_32_BIT_CONVERSION = YES;
				GCC_WARN_ABOUT_RETURN_TYPE = YES_ERROR;
				GCC_WARN_UNDECLARED_SELECTOR = YES;
				GCC_WARN_UNINITIALIZED_AUTOS = YES_AGGRESSIVE;
				GCC_WARN_UNUSED_FUNCTION = YES;
				GCC_WARN_UNUSED_VARIABLE = YES;
				IPHONEOS_DEPLOYMENT_TARGET = 17.5;
				LOCALIZATION_PREFERS_STRING_CATALOGS = YES;
				MTL_ENABLE_DEBUG_INFO = NO;
				MTL_FAST_MATH = YES;
				SDKROOT = iphoneos;
				SWIFT_COMPILATION_MODE = wholemodule;
				SWIFT_EMIT_LOC_STRINGS = YES;
				VALIDATE_PRODUCT = YES;
			};
			name = Release;
		};
		80BB1AE22BF8FD9C00A2D669 /* Debug */ = {
			isa = XCBuildConfiguration;
			buildSettings = {
				ASSETCATALOG_COMPILER_APPICON_NAME = AppIcon;
				ASSETCATALOG_COMPILER_GLOBAL_ACCENT_COLOR_NAME = AccentColor;
				CODE_SIGN_ENTITLEMENTS = "";
				CODE_SIGN_STYLE = Manual;
				CURRENT_PROJECT_VERSION = 1;
				DEVELOPMENT_TEAM = "";
				GENERATE_INFOPLIST_FILE = YES;
				INFOPLIST_KEY_CFBundleDisplayName = Pong;
				INFOPLIST_KEY_LSApplicationCategoryType = "public.app-category.arcade-games";
				INFOPLIST_KEY_UIApplicationSupportsIndirectInputEvents = YES;
				INFOPLIST_KEY_UILaunchStoryboardName = LaunchScreen;
				INFOPLIST_KEY_UIMainStoryboardFile = Main;
				INFOPLIST_KEY_UIRequiresFullScreen = YES;
				INFOPLIST_KEY_UIStatusBarHidden = YES;
				INFOPLIST_KEY_UISupportedInterfaceOrientations = "UIInterfaceOrientationLandscapeLeft UIInterfaceOrientationLandscapeRight";
				IPHONEOS_DEPLOYMENT_TARGET = 17.6;
				LD_RUNPATH_SEARCH_PATHS = (
					"$(inherited)",
					"@executable_path/Frameworks",
				);
				MARKETING_VERSION = 1.0.0;
				PRODUCT_BUNDLE_IDENTIFIER = com.artcc.pong;
				PRODUCT_NAME = "$(TARGET_NAME)";
				PROVISIONING_PROFILE_SPECIFIER = "";
				SWIFT_EMIT_LOC_STRINGS = YES;
				SWIFT_VERSION = 5.0;
				TARGETED_DEVICE_FAMILY = "1,2";
			};
			name = Debug;
		};
		80BB1AE32BF8FD9C00A2D669 /* Release */ = {
			isa = XCBuildConfiguration;
			buildSettings = {
				ASSETCATALOG_COMPILER_APPICON_NAME = AppIcon;
				ASSETCATALOG_COMPILER_GLOBAL_ACCENT_COLOR_NAME = AccentColor;
				CODE_SIGN_ENTITLEMENTS = "";
				CODE_SIGN_STYLE = Manual;
				CURRENT_PROJECT_VERSION = 1;
				DEVELOPMENT_TEAM = "";
				GENERATE_INFOPLIST_FILE = YES;
				INFOPLIST_KEY_CFBundleDisplayName = Pong;
				INFOPLIST_KEY_LSApplicationCategoryType = "public.app-category.arcade-games";
				INFOPLIST_KEY_UIApplicationSupportsIndirectInputEvents = YES;
				INFOPLIST_KEY_UILaunchStoryboardName = LaunchScreen;
				INFOPLIST_KEY_UIMainStoryboardFile = Main;
				INFOPLIST_KEY_UIRequiresFullScreen = YES;
				INFOPLIST_KEY_UIStatusBarHidden = YES;
				INFOPLIST_KEY_UISupportedInterfaceOrientations = "UIInterfaceOrientationLandscapeLeft UIInterfaceOrientationLandscapeRight";
				IPHONEOS_DEPLOYMENT_TARGET = 17.6;
				LD_RUNPATH_SEARCH_PATHS = (
					"$(inherited)",
					"@executable_path/Frameworks",
				);
				MARKETING_VERSION = 1.0.0;
				PRODUCT_BUNDLE_IDENTIFIER = com.artcc.pong;
				PRODUCT_NAME = "$(TARGET_NAME)";
				PROVISIONING_PROFILE_SPECIFIER = "";
				SWIFT_EMIT_LOC_STRINGS = YES;
				SWIFT_VERSION = 5.0;
				TARGETED_DEVICE_FAMILY = "1,2";
			};
			name = Release;
		};
/* End XCBuildConfiguration section */

/* Begin XCConfigurationList section */
		80BB1AC52BF8FD9C00A2D669 /* Build configuration list for PBXProject "pong" */ = {
			isa = XCConfigurationList;
			buildConfigurations = (
				80BB1ADF2BF8FD9C00A2D669 /* Debug */,
				80BB1AE02BF8FD9C00A2D669 /* Release */,
			);
			defaultConfigurationIsVisible = 0;
			defaultConfigurationName = Release;
		};
		80BB1AE12BF8FD9C00A2D669 /* Build configuration list for PBXNativeTarget "pong" */ = {
			isa = XCConfigurationList;
			buildConfigurations = (
				80BB1AE22BF8FD9C00A2D669 /* Debug */,
				80BB1AE32BF8FD9C00A2D669 /* Release */,
			);
			defaultConfigurationIsVisible = 0;
			defaultConfigurationName = Release;
		};
/* End XCConfigurationList section */
	};
	rootObject = 80BB1AC22BF8FD9C00A2D669 /* Project object */;
}
